// !$*UTF8*$!
{
	archiveVersion = 1;
	classes = {
	};
	objectVersion = 46;
	objects = {

/* Begin PBXBuildFile section */
		180815511A2E4B6900C75ABA /* AppDelegate.swift in Sources */ = {isa = PBXBuildFile; fileRef = 180815501A2E4B6900C75ABA /* AppDelegate.swift */; };
		180815561A2E4B6900C75ABA /* Main.storyboard in Resources */ = {isa = PBXBuildFile; fileRef = 180815541A2E4B6900C75ABA /* Main.storyboard */; };
		180815581A2E4B6900C75ABA /* Images.xcassets in Resources */ = {isa = PBXBuildFile; fileRef = 180815571A2E4B6900C75ABA /* Images.xcassets */; };
		1808155B1A2E4B6900C75ABA /* LaunchScreen.xib in Resources */ = {isa = PBXBuildFile; fileRef = 180815591A2E4B6900C75ABA /* LaunchScreen.xib */; };
		180815671A2E4B6900C75ABA /* CoursesTests.swift in Sources */ = {isa = PBXBuildFile; fileRef = 180815661A2E4B6900C75ABA /* CoursesTests.swift */; };
		180B05DD1A38C78A008AAD15 /* CourseMasterTVC.swift in Sources */ = {isa = PBXBuildFile; fileRef = 180B05DC1A38C78A008AAD15 /* CourseMasterTVC.swift */; };
		180B05DF1A38C7ED008AAD15 /* DetailViewController.swift in Sources */ = {isa = PBXBuildFile; fileRef = 180B05DE1A38C7ED008AAD15 /* DetailViewController.swift */; };
		180B05E21A38E1EF008AAD15 /* IMG_0302.jpg in Resources */ = {isa = PBXBuildFile; fileRef = 180B05E01A38E1EF008AAD15 /* IMG_0302.jpg */; };
		180B05E31A38E1EF008AAD15 /* IMG_0140.jpg in Resources */ = {isa = PBXBuildFile; fileRef = 180B05E11A38E1EF008AAD15 /* IMG_0140.jpg */; };
		180B05E91A38E200008AAD15 /* mzingabeeCloseup.jpg in Resources */ = {isa = PBXBuildFile; fileRef = 180B05E41A38E200008AAD15 /* mzingabeeCloseup.jpg */; };
		180B05EA1A38E200008AAD15 /* IMG_0329.jpg in Resources */ = {isa = PBXBuildFile; fileRef = 180B05E51A38E200008AAD15 /* IMG_0329.jpg */; };
		180B05EB1A38E200008AAD15 /* IMG_0187.jpg in Resources */ = {isa = PBXBuildFile; fileRef = 180B05E61A38E200008AAD15 /* IMG_0187.jpg */; };
		180B05EC1A38E200008AAD15 /* IMG_0201.jpg in Resources */ = {isa = PBXBuildFile; fileRef = 180B05E71A38E200008AAD15 /* IMG_0201.jpg */; };
		180B05ED1A38E200008AAD15 /* IMG_0407.jpg in Resources */ = {isa = PBXBuildFile; fileRef = 180B05E81A38E200008AAD15 /* IMG_0407.jpg */; };
		180B05F61A38E215008AAD15 /* IMG_0572.jpg in Resources */ = {isa = PBXBuildFile; fileRef = 180B05EE1A38E215008AAD15 /* IMG_0572.jpg */; };
		180B05F71A38E215008AAD15 /* IMG_0066.jpg in Resources */ = {isa = PBXBuildFile; fileRef = 180B05EF1A38E215008AAD15 /* IMG_0066.jpg */; };
		180B05F81A38E215008AAD15 /* IMG_0561.jpg in Resources */ = {isa = PBXBuildFile; fileRef = 180B05F01A38E215008AAD15 /* IMG_0561.jpg */; };
		180B05F91A38E215008AAD15 /* IMG_0571.jpg in Resources */ = {isa = PBXBuildFile; fileRef = 180B05F11A38E215008AAD15 /* IMG_0571.jpg */; };
		180B05FA1A38E215008AAD15 /* IMG_0567.jpg in Resources */ = {isa = PBXBuildFile; fileRef = 180B05F21A38E215008AAD15 /* IMG_0567.jpg */; };
		180B05FB1A38E215008AAD15 /* IMG_0223.jpg in Resources */ = {isa = PBXBuildFile; fileRef = 180B05F31A38E215008AAD15 /* IMG_0223.jpg */; };
		180B05FC1A38E215008AAD15 /* IMG_0204.jpg in Resources */ = {isa = PBXBuildFile; fileRef = 180B05F41A38E215008AAD15 /* IMG_0204.jpg */; };
		180B05FD1A38E215008AAD15 /* IMG_0521.jpg in Resources */ = {isa = PBXBuildFile; fileRef = 180B05F51A38E215008AAD15 /* IMG_0521.jpg */; };
		180B05FF1A38EA52008AAD15 /* mzingabee110.jpg in Resources */ = {isa = PBXBuildFile; fileRef = 180B05FE1A38EA52008AAD15 /* mzingabee110.jpg */; };
		180B06011A38EBD4008AAD15 /* mzingabee55.jpeg in Resources */ = {isa = PBXBuildFile; fileRef = 180B06001A38EBD4008AAD15 /* mzingabee55.jpeg */; };
		182051791A5EC2B500A667BA /* IMG_1219.MOV in Resources */ = {isa = PBXBuildFile; fileRef = 182051781A5EC2B500A667BA /* IMG_1219.MOV */; };
		182AD52D1A378C71006E96B6 /* OrganizationsTVC.swift in Sources */ = {isa = PBXBuildFile; fileRef = 182AD52C1A378C71006E96B6 /* OrganizationsTVC.swift */; };
		182AD52F1A37979A006E96B6 /* CourseTableViewCell.swift in Sources */ = {isa = PBXBuildFile; fileRef = 182AD52E1A37979A006E96B6 /* CourseTableViewCell.swift */; };
		184D6BEB1A379CDB00C93648 /* OneCourse.swift in Sources */ = {isa = PBXBuildFile; fileRef = 184D6BEA1A379CDB00C93648 /* OneCourse.swift */; };
		185A21B01A5D732A0022DEAC /* coursesBySection.json in Resources */ = {isa = PBXBuildFile; fileRef = 185A21AF1A5D732A0022DEAC /* coursesBySection.json */; };
		185A21B31A5D8DAE0022DEAC /* CourseAVPlayer.swift in Sources */ = {isa = PBXBuildFile; fileRef = 185A21B21A5D8DAE0022DEAC /* CourseAVPlayer.swift */; };
		186922CF1A66BF2200759BF8 /* Comment.swift in Sources */ = {isa = PBXBuildFile; fileRef = 186922CE1A66BF2200759BF8 /* Comment.swift */; };
		186C69DC1A38A74600078E68 /* TraitOverrideViewController.swift in Sources */ = {isa = PBXBuildFile; fileRef = 186C69DB1A38A74600078E68 /* TraitOverrideViewController.swift */; };
		186C69DE1A38A80100078E68 /* SplitViewController.swift in Sources */ = {isa = PBXBuildFile; fileRef = 186C69DD1A38A80100078E68 /* SplitViewController.swift */; };
		1872B5711A420C4D00CAA989 /* Membership.swift in Sources */ = {isa = PBXBuildFile; fileRef = 1872B5701A420C4D00CAA989 /* Membership.swift */; };
		1872B5731A420C7000CAA989 /* User.swift in Sources */ = {isa = PBXBuildFile; fileRef = 1872B5721A420C7000CAA989 /* User.swift */; };
		1872B5751A420CCF00CAA989 /* Organization.swift in Sources */ = {isa = PBXBuildFile; fileRef = 1872B5741A420CCF00CAA989 /* Organization.swift */; };
		1872B5771A4214DE00CAA989 /* SwiftyJSON.swift in Sources */ = {isa = PBXBuildFile; fileRef = 1872B5761A4214DE00CAA989 /* SwiftyJSON.swift */; };
		18850F501A2F516600D146F1 /* AuthVC.swift in Sources */ = {isa = PBXBuildFile; fileRef = 18850F4F1A2F516600D146F1 /* AuthVC.swift */; };
		189EE4B81A431C3000A41937 /* DataManager.swift in Sources */ = {isa = PBXBuildFile; fileRef = 189EE4B71A431C3000A41937 /* DataManager.swift */; };
		189EE4BC1A432BB200A41937 /* user.json in Resources */ = {isa = PBXBuildFile; fileRef = 189EE4BB1A432BB200A41937 /* user.json */; };
		18AAE87B1A66CA800028F74B /* CommentsTVCell.swift in Sources */ = {isa = PBXBuildFile; fileRef = 18AAE87A1A66CA800028F74B /* CommentsTVCell.swift */; };
		18AAE87D1A66FA2F0028F74B /* CommentsHeaderView.swift in Sources */ = {isa = PBXBuildFile; fileRef = 18AAE87C1A66FA2F0028F74B /* CommentsHeaderView.swift */; };
		18C7868A1A49F9EB00759DD2 /* courses.json in Resources */ = {isa = PBXBuildFile; fileRef = 18C786881A49F9EB00759DD2 /* courses.json */; };
		18C7868B1A49F9EB00759DD2 /* CourseListing.swift in Sources */ = {isa = PBXBuildFile; fileRef = 18C786891A49F9EB00759DD2 /* CourseListing.swift */; };
		18CF98491A30A9C800915CBF /* APIFetcher.swift in Sources */ = {isa = PBXBuildFile; fileRef = 18CF98481A30A9C800915CBF /* APIFetcher.swift */; };
		4E0AE5AB1A53512A00B06B30 /* oneCourse.json in Resources */ = {isa = PBXBuildFile; fileRef = 4E0AE5AA1A53512A00B06B30 /* oneCourse.json */; };
/* End PBXBuildFile section */

/* Begin PBXContainerItemProxy section */
		180815611A2E4B6900C75ABA /* PBXContainerItemProxy */ = {
			isa = PBXContainerItemProxy;
			containerPortal = 180815431A2E4B6900C75ABA /* Project object */;
			proxyType = 1;
			remoteGlobalIDString = 1808154A1A2E4B6900C75ABA;
			remoteInfo = Courses;
		};
/* End PBXContainerItemProxy section */

/* Begin PBXFileReference section */
		1808154B1A2E4B6900C75ABA /* Courses.app */ = {isa = PBXFileReference; explicitFileType = wrapper.application; includeInIndex = 0; path = Courses.app; sourceTree = BUILT_PRODUCTS_DIR; };
		1808154F1A2E4B6900C75ABA /* Info.plist */ = {isa = PBXFileReference; lastKnownFileType = text.plist.xml; path = Info.plist; sourceTree = "<group>"; };
		180815501A2E4B6900C75ABA /* AppDelegate.swift */ = {isa = PBXFileReference; lastKnownFileType = sourcecode.swift; path = AppDelegate.swift; sourceTree = "<group>"; };
		180815551A2E4B6900C75ABA /* Base */ = {isa = PBXFileReference; lastKnownFileType = file.storyboard; name = Base; path = Base.lproj/Main.storyboard; sourceTree = "<group>"; };
		180815571A2E4B6900C75ABA /* Images.xcassets */ = {isa = PBXFileReference; lastKnownFileType = folder.assetcatalog; path = Images.xcassets; sourceTree = "<group>"; };
		1808155A1A2E4B6900C75ABA /* Base */ = {isa = PBXFileReference; lastKnownFileType = file.xib; name = Base; path = Base.lproj/LaunchScreen.xib; sourceTree = "<group>"; };
		180815601A2E4B6900C75ABA /* CoursesTests.xctest */ = {isa = PBXFileReference; explicitFileType = wrapper.cfbundle; includeInIndex = 0; path = CoursesTests.xctest; sourceTree = BUILT_PRODUCTS_DIR; };
		180815651A2E4B6900C75ABA /* Info.plist */ = {isa = PBXFileReference; lastKnownFileType = text.plist.xml; path = Info.plist; sourceTree = "<group>"; };
		180815661A2E4B6900C75ABA /* CoursesTests.swift */ = {isa = PBXFileReference; lastKnownFileType = sourcecode.swift; path = CoursesTests.swift; sourceTree = "<group>"; };
		180B05DC1A38C78A008AAD15 /* CourseMasterTVC.swift */ = {isa = PBXFileReference; fileEncoding = 4; lastKnownFileType = sourcecode.swift; path = CourseMasterTVC.swift; sourceTree = "<group>"; };
		180B05DE1A38C7ED008AAD15 /* DetailViewController.swift */ = {isa = PBXFileReference; fileEncoding = 4; lastKnownFileType = sourcecode.swift; name = DetailViewController.swift; path = Base.lproj/controllers/DetailViewController.swift; sourceTree = "<group>"; };
		180B05E01A38E1EF008AAD15 /* IMG_0302.jpg */ = {isa = PBXFileReference; lastKnownFileType = image.jpeg; path = IMG_0302.jpg; sourceTree = "<group>"; };
		180B05E11A38E1EF008AAD15 /* IMG_0140.jpg */ = {isa = PBXFileReference; lastKnownFileType = image.jpeg; path = IMG_0140.jpg; sourceTree = "<group>"; };
		180B05E41A38E200008AAD15 /* mzingabeeCloseup.jpg */ = {isa = PBXFileReference; lastKnownFileType = image.jpeg; path = mzingabeeCloseup.jpg; sourceTree = "<group>"; };
		180B05E51A38E200008AAD15 /* IMG_0329.jpg */ = {isa = PBXFileReference; lastKnownFileType = image.jpeg; path = IMG_0329.jpg; sourceTree = "<group>"; };
		180B05E61A38E200008AAD15 /* IMG_0187.jpg */ = {isa = PBXFileReference; lastKnownFileType = image.jpeg; path = IMG_0187.jpg; sourceTree = "<group>"; };
		180B05E71A38E200008AAD15 /* IMG_0201.jpg */ = {isa = PBXFileReference; lastKnownFileType = image.jpeg; path = IMG_0201.jpg; sourceTree = "<group>"; };
		180B05E81A38E200008AAD15 /* IMG_0407.jpg */ = {isa = PBXFileReference; lastKnownFileType = image.jpeg; path = IMG_0407.jpg; sourceTree = "<group>"; };
		180B05EE1A38E215008AAD15 /* IMG_0572.jpg */ = {isa = PBXFileReference; lastKnownFileType = image.jpeg; path = IMG_0572.jpg; sourceTree = "<group>"; };
		180B05EF1A38E215008AAD15 /* IMG_0066.jpg */ = {isa = PBXFileReference; lastKnownFileType = image.jpeg; path = IMG_0066.jpg; sourceTree = "<group>"; };
		180B05F01A38E215008AAD15 /* IMG_0561.jpg */ = {isa = PBXFileReference; lastKnownFileType = image.jpeg; path = IMG_0561.jpg; sourceTree = "<group>"; };
		180B05F11A38E215008AAD15 /* IMG_0571.jpg */ = {isa = PBXFileReference; lastKnownFileType = image.jpeg; path = IMG_0571.jpg; sourceTree = "<group>"; };
		180B05F21A38E215008AAD15 /* IMG_0567.jpg */ = {isa = PBXFileReference; lastKnownFileType = image.jpeg; path = IMG_0567.jpg; sourceTree = "<group>"; };
		180B05F31A38E215008AAD15 /* IMG_0223.jpg */ = {isa = PBXFileReference; lastKnownFileType = image.jpeg; path = IMG_0223.jpg; sourceTree = "<group>"; };
		180B05F41A38E215008AAD15 /* IMG_0204.jpg */ = {isa = PBXFileReference; lastKnownFileType = image.jpeg; path = IMG_0204.jpg; sourceTree = "<group>"; };
		180B05F51A38E215008AAD15 /* IMG_0521.jpg */ = {isa = PBXFileReference; lastKnownFileType = image.jpeg; path = IMG_0521.jpg; sourceTree = "<group>"; };
		180B05FE1A38EA52008AAD15 /* mzingabee110.jpg */ = {isa = PBXFileReference; lastKnownFileType = image.jpeg; path = mzingabee110.jpg; sourceTree = "<group>"; };
		180B06001A38EBD4008AAD15 /* mzingabee55.jpeg */ = {isa = PBXFileReference; lastKnownFileType = image.jpeg; path = mzingabee55.jpeg; sourceTree = "<group>"; };
		182051781A5EC2B500A667BA /* IMG_1219.MOV */ = {isa = PBXFileReference; lastKnownFileType = video.quicktime; path = IMG_1219.MOV; sourceTree = "<group>"; };
		182AD52C1A378C71006E96B6 /* OrganizationsTVC.swift */ = {isa = PBXFileReference; fileEncoding = 4; lastKnownFileType = sourcecode.swift; name = OrganizationsTVC.swift; path = Base.lproj/controllers/OrganizationsTVC.swift; sourceTree = "<group>"; };
		182AD52E1A37979A006E96B6 /* CourseTableViewCell.swift */ = {isa = PBXFileReference; fileEncoding = 4; lastKnownFileType = sourcecode.swift; name = CourseTableViewCell.swift; path = Base.lproj/controllers/CourseTableViewCell.swift; sourceTree = "<group>"; };
		184D6BEA1A379CDB00C93648 /* OneCourse.swift */ = {isa = PBXFileReference; fileEncoding = 4; lastKnownFileType = sourcecode.swift; name = OneCourse.swift; path = Base.lproj/Data/OneCourse.swift; sourceTree = "<group>"; };
		185A21AF1A5D732A0022DEAC /* coursesBySection.json */ = {isa = PBXFileReference; fileEncoding = 4; lastKnownFileType = text.json; path = coursesBySection.json; sourceTree = "<group>"; };
		185A21B21A5D8DAE0022DEAC /* CourseAVPlayer.swift */ = {isa = PBXFileReference; fileEncoding = 4; lastKnownFileType = sourcecode.swift; name = CourseAVPlayer.swift; path = Base.lproj/controllers/CourseAVPlayer.swift; sourceTree = "<group>"; };
		186922CE1A66BF2200759BF8 /* Comment.swift */ = {isa = PBXFileReference; fileEncoding = 4; lastKnownFileType = sourcecode.swift; name = Comment.swift; path = Base.lproj/Data/Comment.swift; sourceTree = "<group>"; };
		186C69DB1A38A74600078E68 /* TraitOverrideViewController.swift */ = {isa = PBXFileReference; fileEncoding = 4; lastKnownFileType = sourcecode.swift; path = TraitOverrideViewController.swift; sourceTree = "<group>"; };
		186C69DD1A38A80100078E68 /* SplitViewController.swift */ = {isa = PBXFileReference; fileEncoding = 4; lastKnownFileType = sourcecode.swift; path = SplitViewController.swift; sourceTree = "<group>"; };
		1872B5701A420C4D00CAA989 /* Membership.swift */ = {isa = PBXFileReference; fileEncoding = 4; lastKnownFileType = sourcecode.swift; name = Membership.swift; path = Base.lproj/Data/Membership.swift; sourceTree = "<group>"; };
		1872B5721A420C7000CAA989 /* User.swift */ = {isa = PBXFileReference; fileEncoding = 4; lastKnownFileType = sourcecode.swift; name = User.swift; path = Base.lproj/Data/User.swift; sourceTree = "<group>"; };
		1872B5741A420CCF00CAA989 /* Organization.swift */ = {isa = PBXFileReference; fileEncoding = 4; lastKnownFileType = sourcecode.swift; name = Organization.swift; path = Base.lproj/Data/Organization.swift; sourceTree = "<group>"; };
		1872B5761A4214DE00CAA989 /* SwiftyJSON.swift */ = {isa = PBXFileReference; fileEncoding = 4; lastKnownFileType = sourcecode.swift; path = SwiftyJSON.swift; sourceTree = "<group>"; };
		18850F4F1A2F516600D146F1 /* AuthVC.swift */ = {isa = PBXFileReference; fileEncoding = 4; lastKnownFileType = sourcecode.swift; name = AuthVC.swift; path = Base.lproj/controllers/AuthVC.swift; sourceTree = "<group>"; };
		189EE4B71A431C3000A41937 /* DataManager.swift */ = {isa = PBXFileReference; fileEncoding = 4; lastKnownFileType = sourcecode.swift; name = DataManager.swift; path = Base.lproj/Data/DataManager.swift; sourceTree = "<group>"; };
		189EE4BB1A432BB200A41937 /* user.json */ = {isa = PBXFileReference; fileEncoding = 4; lastKnownFileType = text.json; path = user.json; sourceTree = "<group>"; };
		18AAE87A1A66CA800028F74B /* CommentsTVCell.swift */ = {isa = PBXFileReference; fileEncoding = 4; lastKnownFileType = sourcecode.swift; name = CommentsTVCell.swift; path = Base.lproj/controllers/CommentsTVCell.swift; sourceTree = "<group>"; };
		18AAE87C1A66FA2F0028F74B /* CommentsHeaderView.swift */ = {isa = PBXFileReference; fileEncoding = 4; lastKnownFileType = sourcecode.swift; name = CommentsHeaderView.swift; path = Views/CommentsHeaderView.swift; sourceTree = "<group>"; };
		18C786881A49F9EB00759DD2 /* courses.json */ = {isa = PBXFileReference; fileEncoding = 4; lastKnownFileType = text.json; path = courses.json; sourceTree = "<group>"; };
		18C786891A49F9EB00759DD2 /* CourseListing.swift */ = {isa = PBXFileReference; fileEncoding = 4; lastKnownFileType = sourcecode.swift; path = CourseListing.swift; sourceTree = "<group>"; };
		18CF98481A30A9C800915CBF /* APIFetcher.swift */ = {isa = PBXFileReference; fileEncoding = 4; lastKnownFileType = sourcecode.swift; name = APIFetcher.swift; path = Courses/Base.lproj/APIFetcher/APIFetcher.swift; sourceTree = "<group>"; };
		4E0AE5AA1A53512A00B06B30 /* oneCourse.json */ = {isa = PBXFileReference; fileEncoding = 4; lastKnownFileType = text.json; path = oneCourse.json; sourceTree = "<group>"; };
/* End PBXFileReference section */

/* Begin PBXFrameworksBuildPhase section */
		180815481A2E4B6900C75ABA /* Frameworks */ = {
			isa = PBXFrameworksBuildPhase;
			buildActionMask = 2147483647;
			files = (
			);
			runOnlyForDeploymentPostprocessing = 0;
		};
		1808155D1A2E4B6900C75ABA /* Frameworks */ = {
			isa = PBXFrameworksBuildPhase;
			buildActionMask = 2147483647;
			files = (
			);
			runOnlyForDeploymentPostprocessing = 0;
		};
/* End PBXFrameworksBuildPhase section */

/* Begin PBXGroup section */
		180815421A2E4B6900C75ABA = {
			isa = PBXGroup;
			children = (
				1808154D1A2E4B6900C75ABA /* Courses */,
				180815631A2E4B6900C75ABA /* CoursesTests */,
				1808154C1A2E4B6900C75ABA /* Products */,
			);
			sourceTree = "<group>";
		};
		1808154C1A2E4B6900C75ABA /* Products */ = {
			isa = PBXGroup;
			children = (
				1808154B1A2E4B6900C75ABA /* Courses.app */,
				180815601A2E4B6900C75ABA /* CoursesTests.xctest */,
			);
			name = Products;
			sourceTree = "<group>";
		};
		1808154D1A2E4B6900C75ABA /* Courses */ = {
			isa = PBXGroup;
			children = (
				184CB6501A30EF62002F7783 /* Data */,
				18CF984A1A30A9CF00915CBF /* APIFetcher */,
				180815501A2E4B6900C75ABA /* AppDelegate.swift */,
				180815541A2E4B6900C75ABA /* Main.storyboard */,
				18AAE87E1A66FA3E0028F74B /* Views */,
				18850F511A2F516F00D146F1 /* Controllers */,
				180815571A2E4B6900C75ABA /* Images.xcassets */,
				180815591A2E4B6900C75ABA /* LaunchScreen.xib */,
				1808154E1A2E4B6900C75ABA /* Supporting Files */,
			);
			path = Courses;
			sourceTree = "<group>";
		};
		1808154E1A2E4B6900C75ABA /* Supporting Files */ = {
			isa = PBXGroup;
			children = (
				182051781A5EC2B500A667BA /* IMG_1219.MOV */,
				180B05EE1A38E215008AAD15 /* IMG_0572.jpg */,
				180B06001A38EBD4008AAD15 /* mzingabee55.jpeg */,
				180B05FE1A38EA52008AAD15 /* mzingabee110.jpg */,
				180B05EF1A38E215008AAD15 /* IMG_0066.jpg */,
				180B05F01A38E215008AAD15 /* IMG_0561.jpg */,
				180B05F11A38E215008AAD15 /* IMG_0571.jpg */,
				180B05F21A38E215008AAD15 /* IMG_0567.jpg */,
				180B05F31A38E215008AAD15 /* IMG_0223.jpg */,
				180B05F41A38E215008AAD15 /* IMG_0204.jpg */,
				180B05F51A38E215008AAD15 /* IMG_0521.jpg */,
				180B05E01A38E1EF008AAD15 /* IMG_0302.jpg */,
				180B05E41A38E200008AAD15 /* mzingabeeCloseup.jpg */,
				180B05E51A38E200008AAD15 /* IMG_0329.jpg */,
				180B05E61A38E200008AAD15 /* IMG_0187.jpg */,
				180B05E71A38E200008AAD15 /* IMG_0201.jpg */,
				180B05E81A38E200008AAD15 /* IMG_0407.jpg */,
				180B05E11A38E1EF008AAD15 /* IMG_0140.jpg */,
				1808154F1A2E4B6900C75ABA /* Info.plist */,
			);
			name = "Supporting Files";
			sourceTree = "<group>";
		};
		180815631A2E4B6900C75ABA /* CoursesTests */ = {
			isa = PBXGroup;
			children = (
				180815661A2E4B6900C75ABA /* CoursesTests.swift */,
				180815641A2E4B6900C75ABA /* Supporting Files */,
			);
			path = CoursesTests;
			sourceTree = "<group>";
		};
		180815641A2E4B6900C75ABA /* Supporting Files */ = {
			isa = PBXGroup;
			children = (
				180815651A2E4B6900C75ABA /* Info.plist */,
			);
			name = "Supporting Files";
			sourceTree = "<group>";
		};
		184CB6501A30EF62002F7783 /* Data */ = {
			isa = PBXGroup;
			children = (
				18C786881A49F9EB00759DD2 /* courses.json */,
				185A21AF1A5D732A0022DEAC /* coursesBySection.json */,
				4E0AE5AA1A53512A00B06B30 /* oneCourse.json */,
				18C786891A49F9EB00759DD2 /* CourseListing.swift */,
				189EE4BB1A432BB200A41937 /* user.json */,
				184D6BEA1A379CDB00C93648 /* OneCourse.swift */,
				1872B5721A420C7000CAA989 /* User.swift */,
				1872B5761A4214DE00CAA989 /* SwiftyJSON.swift */,
				1872B5701A420C4D00CAA989 /* Membership.swift */,
				186922CE1A66BF2200759BF8 /* Comment.swift */,
				1872B5741A420CCF00CAA989 /* Organization.swift */,
				189EE4B71A431C3000A41937 /* DataManager.swift */,
			);
			name = Data;
			sourceTree = "<group>";
		};
		18850F511A2F516F00D146F1 /* Controllers */ = {
			isa = PBXGroup;
			children = (
				186C69DD1A38A80100078E68 /* SplitViewController.swift */,
				18AAE87A1A66CA800028F74B /* CommentsTVCell.swift */,
				185A21B21A5D8DAE0022DEAC /* CourseAVPlayer.swift */,
				186C69DB1A38A74600078E68 /* TraitOverrideViewController.swift */,
				18850F4F1A2F516600D146F1 /* AuthVC.swift */,
				182AD52C1A378C71006E96B6 /* OrganizationsTVC.swift */,
				182AD52E1A37979A006E96B6 /* CourseTableViewCell.swift */,
				180B05DC1A38C78A008AAD15 /* CourseMasterTVC.swift */,
				180B05DE1A38C7ED008AAD15 /* DetailViewController.swift */,
			);
			name = Controllers;
			sourceTree = "<group>";
		};
		18AAE87E1A66FA3E0028F74B /* Views */ = {
			isa = PBXGroup;
			children = (
				18AAE87C1A66FA2F0028F74B /* CommentsHeaderView.swift */,
			);
			name = Views;
			sourceTree = "<group>";
		};
		18CF984A1A30A9CF00915CBF /* APIFetcher */ = {
			isa = PBXGroup;
			children = (
				18CF98481A30A9C800915CBF /* APIFetcher.swift */,
			);
			name = APIFetcher;
			path = ..;
			sourceTree = "<group>";
		};
/* End PBXGroup section */

/* Begin PBXNativeTarget section */
		1808154A1A2E4B6900C75ABA /* Courses */ = {
			isa = PBXNativeTarget;
			buildConfigurationList = 1808156A1A2E4B6900C75ABA /* Build configuration list for PBXNativeTarget "Courses" */;
			buildPhases = (
				180815471A2E4B6900C75ABA /* Sources */,
				180815481A2E4B6900C75ABA /* Frameworks */,
				180815491A2E4B6900C75ABA /* Resources */,
			);
			buildRules = (
			);
			dependencies = (
			);
			name = Courses;
			productName = Courses;
			productReference = 1808154B1A2E4B6900C75ABA /* Courses.app */;
			productType = "com.apple.product-type.application";
		};
		1808155F1A2E4B6900C75ABA /* CoursesTests */ = {
			isa = PBXNativeTarget;
			buildConfigurationList = 1808156D1A2E4B6900C75ABA /* Build configuration list for PBXNativeTarget "CoursesTests" */;
			buildPhases = (
				1808155C1A2E4B6900C75ABA /* Sources */,
				1808155D1A2E4B6900C75ABA /* Frameworks */,
				1808155E1A2E4B6900C75ABA /* Resources */,
			);
			buildRules = (
			);
			dependencies = (
				180815621A2E4B6900C75ABA /* PBXTargetDependency */,
			);
			name = CoursesTests;
			productName = CoursesTests;
			productReference = 180815601A2E4B6900C75ABA /* CoursesTests.xctest */;
			productType = "com.apple.product-type.bundle.unit-test";
		};
/* End PBXNativeTarget section */

/* Begin PBXProject section */
		180815431A2E4B6900C75ABA /* Project object */ = {
			isa = PBXProject;
			attributes = {
				LastUpgradeCheck = 0610;
				ORGANIZATIONNAME = Mzinga;
				TargetAttributes = {
					1808154A1A2E4B6900C75ABA = {
						CreatedOnToolsVersion = 6.1;
					};
					1808155F1A2E4B6900C75ABA = {
						CreatedOnToolsVersion = 6.1;
						TestTargetID = 1808154A1A2E4B6900C75ABA;
					};
				};
			};
			buildConfigurationList = 180815461A2E4B6900C75ABA /* Build configuration list for PBXProject "Courses" */;
			compatibilityVersion = "Xcode 3.2";
			developmentRegion = English;
			hasScannedForEncodings = 0;
			knownRegions = (
				en,
				Base,
			);
			mainGroup = 180815421A2E4B6900C75ABA;
			productRefGroup = 1808154C1A2E4B6900C75ABA /* Products */;
			projectDirPath = "";
			projectRoot = "";
			targets = (
				1808154A1A2E4B6900C75ABA /* Courses */,
				1808155F1A2E4B6900C75ABA /* CoursesTests */,
			);
		};
/* End PBXProject section */

/* Begin PBXResourcesBuildPhase section */
		180815491A2E4B6900C75ABA /* Resources */ = {
			isa = PBXResourcesBuildPhase;
			buildActionMask = 2147483647;
			files = (
				189EE4BC1A432BB200A41937 /* user.json in Resources */,
				185A21B01A5D732A0022DEAC /* coursesBySection.json in Resources */,
				180B05F91A38E215008AAD15 /* IMG_0571.jpg in Resources */,
				182051791A5EC2B500A667BA /* IMG_1219.MOV in Resources */,
				180B05FA1A38E215008AAD15 /* IMG_0567.jpg in Resources */,
				180B05F61A38E215008AAD15 /* IMG_0572.jpg in Resources */,
				180B05E21A38E1EF008AAD15 /* IMG_0302.jpg in Resources */,
				180B05FF1A38EA52008AAD15 /* mzingabee110.jpg in Resources */,
				180B05F81A38E215008AAD15 /* IMG_0561.jpg in Resources */,
				180B05E31A38E1EF008AAD15 /* IMG_0140.jpg in Resources */,
				180B05EA1A38E200008AAD15 /* IMG_0329.jpg in Resources */,
				180B05E91A38E200008AAD15 /* mzingabeeCloseup.jpg in Resources */,
				180B05EC1A38E200008AAD15 /* IMG_0201.jpg in Resources */,
				180B05FC1A38E215008AAD15 /* IMG_0204.jpg in Resources */,
				180815561A2E4B6900C75ABA /* Main.storyboard in Resources */,
				180B05F71A38E215008AAD15 /* IMG_0066.jpg in Resources */,
				180B05ED1A38E200008AAD15 /* IMG_0407.jpg in Resources */,
				180B05FD1A38E215008AAD15 /* IMG_0521.jpg in Resources */,
				4E0AE5AB1A53512A00B06B30 /* oneCourse.json in Resources */,
				1808155B1A2E4B6900C75ABA /* LaunchScreen.xib in Resources */,
				180B06011A38EBD4008AAD15 /* mzingabee55.jpeg in Resources */,
				18C7868A1A49F9EB00759DD2 /* courses.json in Resources */,
				180815581A2E4B6900C75ABA /* Images.xcassets in Resources */,
				180B05FB1A38E215008AAD15 /* IMG_0223.jpg in Resources */,
				180B05EB1A38E200008AAD15 /* IMG_0187.jpg in Resources */,
			);
			runOnlyForDeploymentPostprocessing = 0;
		};
		1808155E1A2E4B6900C75ABA /* Resources */ = {
			isa = PBXResourcesBuildPhase;
			buildActionMask = 2147483647;
			files = (
			);
			runOnlyForDeploymentPostprocessing = 0;
		};
/* End PBXResourcesBuildPhase section */

/* Begin PBXSourcesBuildPhase section */
		180815471A2E4B6900C75ABA /* Sources */ = {
			isa = PBXSourcesBuildPhase;
			buildActionMask = 2147483647;
			files = (
				18850F501A2F516600D146F1 /* AuthVC.swift in Sources */,
				189EE4B81A431C3000A41937 /* DataManager.swift in Sources */,
				182AD52D1A378C71006E96B6 /* OrganizationsTVC.swift in Sources */,
				1872B5751A420CCF00CAA989 /* Organization.swift in Sources */,
				180815511A2E4B6900C75ABA /* AppDelegate.swift in Sources */,
				186C69DC1A38A74600078E68 /* TraitOverrideViewController.swift in Sources */,
				1872B5771A4214DE00CAA989 /* SwiftyJSON.swift in Sources */,
				186922CF1A66BF2200759BF8 /* Comment.swift in Sources */,
				184D6BEB1A379CDB00C93648 /* OneCourse.swift in Sources */,
				18CF98491A30A9C800915CBF /* APIFetcher.swift in Sources */,
				18C7868B1A49F9EB00759DD2 /* CourseListing.swift in Sources */,
				180B05DD1A38C78A008AAD15 /* CourseMasterTVC.swift in Sources */,
				180B05DF1A38C7ED008AAD15 /* DetailViewController.swift in Sources */,
				18AAE87D1A66FA2F0028F74B /* CommentsHeaderView.swift in Sources */,
				185A21B31A5D8DAE0022DEAC /* CourseAVPlayer.swift in Sources */,
				1872B5731A420C7000CAA989 /* User.swift in Sources */,
				18AAE87B1A66CA800028F74B /* CommentsTVCell.swift in Sources */,
				182AD52F1A37979A006E96B6 /* CourseTableViewCell.swift in Sources */,
				186C69DE1A38A80100078E68 /* SplitViewController.swift in Sources */,
				1872B5711A420C4D00CAA989 /* Membership.swift in Sources */,
			);
			runOnlyForDeploymentPostprocessing = 0;
		};
		1808155C1A2E4B6900C75ABA /* Sources */ = {
			isa = PBXSourcesBuildPhase;
			buildActionMask = 2147483647;
			files = (
				180815671A2E4B6900C75ABA /* CoursesTests.swift in Sources */,
			);
			runOnlyForDeploymentPostprocessing = 0;
		};
/* End PBXSourcesBuildPhase section */

/* Begin PBXTargetDependency section */
		180815621A2E4B6900C75ABA /* PBXTargetDependency */ = {
			isa = PBXTargetDependency;
			target = 1808154A1A2E4B6900C75ABA /* Courses */;
			targetProxy = 180815611A2E4B6900C75ABA /* PBXContainerItemProxy */;
		};
/* End PBXTargetDependency section */

/* Begin PBXVariantGroup section */
		180815541A2E4B6900C75ABA /* Main.storyboard */ = {
			isa = PBXVariantGroup;
			children = (
				180815551A2E4B6900C75ABA /* Base */,
			);
			name = Main.storyboard;
			sourceTree = "<group>";
		};
		180815591A2E4B6900C75ABA /* LaunchScreen.xib */ = {
			isa = PBXVariantGroup;
			children = (
				1808155A1A2E4B6900C75ABA /* Base */,
			);
			name = LaunchScreen.xib;
			sourceTree = "<group>";
		};
/* End PBXVariantGroup section */

/* Begin XCBuildConfiguration section */
		180815681A2E4B6900C75ABA /* Debug */ = {
			isa = XCBuildConfiguration;
			buildSettings = {
				ALWAYS_SEARCH_USER_PATHS = NO;
				CLANG_CXX_LANGUAGE_STANDARD = "gnu++0x";
				CLANG_CXX_LIBRARY = "libc++";
				CLANG_ENABLE_MODULES = YES;
				CLANG_ENABLE_OBJC_ARC = YES;
				CLANG_WARN_BOOL_CONVERSION = YES;
				CLANG_WARN_CONSTANT_CONVERSION = YES;
				CLANG_WARN_DIRECT_OBJC_ISA_USAGE = YES_ERROR;
				CLANG_WARN_EMPTY_BODY = YES;
				CLANG_WARN_ENUM_CONVERSION = YES;
				CLANG_WARN_INT_CONVERSION = YES;
				CLANG_WARN_OBJC_ROOT_CLASS = YES_ERROR;
				CLANG_WARN_UNREACHABLE_CODE = YES;
				CLANG_WARN__DUPLICATE_METHOD_MATCH = YES;
				"CODE_SIGN_IDENTITY[sdk=iphoneos*]" = "iPhone Developer";
				COPY_PHASE_STRIP = NO;
				ENABLE_STRICT_OBJC_MSGSEND = YES;
				GCC_C_LANGUAGE_STANDARD = gnu99;
				GCC_DYNAMIC_NO_PIC = NO;
				GCC_OPTIMIZATION_LEVEL = 0;
				GCC_PREPROCESSOR_DEFINITIONS = (
					"DEBUG=1",
					"$(inherited)",
				);
				GCC_SYMBOLS_PRIVATE_EXTERN = NO;
				GCC_WARN_64_TO_32_BIT_CONVERSION = YES;
				GCC_WARN_ABOUT_RETURN_TYPE = YES_ERROR;
				GCC_WARN_UNDECLARED_SELECTOR = YES;
				GCC_WARN_UNINITIALIZED_AUTOS = YES_AGGRESSIVE;
				GCC_WARN_UNUSED_FUNCTION = YES;
				GCC_WARN_UNUSED_VARIABLE = YES;
				IPHONEOS_DEPLOYMENT_TARGET = 8.1;
				MTL_ENABLE_DEBUG_INFO = YES;
				ONLY_ACTIVE_ARCH = YES;
				SDKROOT = iphoneos;
				SWIFT_OPTIMIZATION_LEVEL = "-Onone";
				TARGETED_DEVICE_FAMILY = "1,2";
			};
			name = Debug;
		};
		180815691A2E4B6900C75ABA /* Release */ = {
			isa = XCBuildConfiguration;
			buildSettings = {
				ALWAYS_SEARCH_USER_PATHS = NO;
				CLANG_CXX_LANGUAGE_STANDARD = "gnu++0x";
				CLANG_CXX_LIBRARY = "libc++";
				CLANG_ENABLE_MODULES = YES;
				CLANG_ENABLE_OBJC_ARC = YES;
				CLANG_WARN_BOOL_CONVERSION = YES;
				CLANG_WARN_CONSTANT_CONVERSION = YES;
				CLANG_WARN_DIRECT_OBJC_ISA_USAGE = YES_ERROR;
				CLANG_WARN_EMPTY_BODY = YES;
				CLANG_WARN_ENUM_CONVERSION = YES;
				CLANG_WARN_INT_CONVERSION = YES;
				CLANG_WARN_OBJC_ROOT_CLASS = YES_ERROR;
				CLANG_WARN_UNREACHABLE_CODE = YES;
				CLANG_WARN__DUPLICATE_METHOD_MATCH = YES;
				"CODE_SIGN_IDENTITY[sdk=iphoneos*]" = "iPhone Developer";
				COPY_PHASE_STRIP = YES;
				ENABLE_NS_ASSERTIONS = NO;
				ENABLE_STRICT_OBJC_MSGSEND = YES;
				GCC_C_LANGUAGE_STANDARD = gnu99;
				GCC_WARN_64_TO_32_BIT_CONVERSION = YES;
				GCC_WARN_ABOUT_RETURN_TYPE = YES_ERROR;
				GCC_WARN_UNDECLARED_SELECTOR = YES;
				GCC_WARN_UNINITIALIZED_AUTOS = YES_AGGRESSIVE;
				GCC_WARN_UNUSED_FUNCTION = YES;
				GCC_WARN_UNUSED_VARIABLE = YES;
				IPHONEOS_DEPLOYMENT_TARGET = 8.1;
				MTL_ENABLE_DEBUG_INFO = NO;
				SDKROOT = iphoneos;
				TARGETED_DEVICE_FAMILY = "1,2";
				VALIDATE_PRODUCT = YES;
			};
			name = Release;
		};
		1808156B1A2E4B6900C75ABA /* Debug */ = {
			isa = XCBuildConfiguration;
			buildSettings = {
				ASSETCATALOG_COMPILER_APPICON_NAME = AppIcon;
				INFOPLIST_FILE = Courses/Info.plist;
				LD_RUNPATH_SEARCH_PATHS = "$(inherited) @executable_path/Frameworks";
				PRODUCT_NAME = "$(TARGET_NAME)";
			};
			name = Debug;
		};
		1808156C1A2E4B6900C75ABA /* Release */ = {
			isa = XCBuildConfiguration;
			buildSettings = {
				ASSETCATALOG_COMPILER_APPICON_NAME = AppIcon;
				INFOPLIST_FILE = Courses/Info.plist;
				LD_RUNPATH_SEARCH_PATHS = "$(inherited) @executable_path/Frameworks";
				PRODUCT_NAME = "$(TARGET_NAME)";
			};
			name = Release;
		};
		1808156E1A2E4B6900C75ABA /* Debug */ = {
			isa = XCBuildConfiguration;
			buildSettings = {
				BUNDLE_LOADER = "$(TEST_HOST)";
				FRAMEWORK_SEARCH_PATHS = (
					"$(SDKROOT)/Developer/Library/Frameworks",
					"$(inherited)",
				);
				GCC_PREPROCESSOR_DEFINITIONS = (
					"DEBUG=1",
					"$(inherited)",
				);
				INFOPLIST_FILE = CoursesTests/Info.plist;
				LD_RUNPATH_SEARCH_PATHS = "$(inherited) @executable_path/Frameworks @loader_path/Frameworks";
				PRODUCT_NAME = "$(TARGET_NAME)";
				TEST_HOST = "$(BUILT_PRODUCTS_DIR)/Courses.app/Courses";
			};
			name = Debug;
		};
		1808156F1A2E4B6900C75ABA /* Release */ = {
			isa = XCBuildConfiguration;
			buildSettings = {
				BUNDLE_LOADER = "$(TEST_HOST)";
				FRAMEWORK_SEARCH_PATHS = (
					"$(SDKROOT)/Developer/Library/Frameworks",
					"$(inherited)",
				);
				INFOPLIST_FILE = CoursesTests/Info.plist;
				LD_RUNPATH_SEARCH_PATHS = "$(inherited) @executable_path/Frameworks @loader_path/Frameworks";
				PRODUCT_NAME = "$(TARGET_NAME)";
				TEST_HOST = "$(BUILT_PRODUCTS_DIR)/Courses.app/Courses";
			};
			name = Release;
		};
/* End XCBuildConfiguration section */

/* Begin XCConfigurationList section */
		180815461A2E4B6900C75ABA /* Build configuration list for PBXProject "Courses" */ = {
			isa = XCConfigurationList;
			buildConfigurations = (
				180815681A2E4B6900C75ABA /* Debug */,
				180815691A2E4B6900C75ABA /* Release */,
			);
			defaultConfigurationIsVisible = 0;
			defaultConfigurationName = Release;
		};
		1808156A1A2E4B6900C75ABA /* Build configuration list for PBXNativeTarget "Courses" */ = {
			isa = XCConfigurationList;
			buildConfigurations = (
				1808156B1A2E4B6900C75ABA /* Debug */,
				1808156C1A2E4B6900C75ABA /* Release */,
			);
			defaultConfigurationIsVisible = 0;
			defaultConfigurationName = Release;
		};
		1808156D1A2E4B6900C75ABA /* Build configuration list for PBXNativeTarget "CoursesTests" */ = {
			isa = XCConfigurationList;
			buildConfigurations = (
				1808156E1A2E4B6900C75ABA /* Debug */,
				1808156F1A2E4B6900C75ABA /* Release */,
			);
			defaultConfigurationIsVisible = 0;
			defaultConfigurationName = Release;
		};
/* End XCConfigurationList section */
	};
	rootObject = 180815431A2E4B6900C75ABA /* Project object */;
}
