// !$*UTF8*$!
{
	archiveVersion = 1;
	classes = {
	};
	objectVersion = 46;
	objects = {

/* Begin PBXBuildFile section */
		180815511A2E4B6900C75ABA /* AppDelegate.swift in Sources */ = {isa = PBXBuildFile; fileRef = 180815501A2E4B6900C75ABA /* AppDelegate.swift */; };
		180815561A2E4B6900C75ABA /* Main.storyboard in Resources */ = {isa = PBXBuildFile; fileRef = 180815541A2E4B6900C75ABA /* Main.storyboard */; };
		180815581A2E4B6900C75ABA /* Images.xcassets in Resources */ = {isa = PBXBuildFile; fileRef = 180815571A2E4B6900C75ABA /* Images.xcassets */; };
		1808155B1A2E4B6900C75ABA /* LaunchScreen.xib in Resources */ = {isa = PBXBuildFile; fileRef = 180815591A2E4B6900C75ABA /* LaunchScreen.xib */; };
		180815671A2E4B6900C75ABA /* CoursesTests.swift in Sources */ = {isa = PBXBuildFile; fileRef = 180815661A2E4B6900C75ABA /* CoursesTests.swift */; };
		184CB6561A30FEB0002F7783 /* OrganizationsVC.swift in Sources */ = {isa = PBXBuildFile; fileRef = 184CB6551A30FEB0002F7783 /* OrganizationsVC.swift */; };
		18850F501A2F516600D146F1 /* AuthVC.swift in Sources */ = {isa = PBXBuildFile; fileRef = 18850F4F1A2F516600D146F1 /* AuthVC.swift */; };
		18CF98491A30A9C800915CBF /* APIFetcher.swift in Sources */ = {isa = PBXBuildFile; fileRef = 18CF98481A30A9C800915CBF /* APIFetcher.swift */; };
/* End PBXBuildFile section */

/* Begin PBXContainerItemProxy section */
		180815611A2E4B6900C75ABA /* PBXContainerItemProxy */ = {
			isa = PBXContainerItemProxy;
			containerPortal = 180815431A2E4B6900C75ABA /* Project object */;
			proxyType = 1;
			remoteGlobalIDString = 1808154A1A2E4B6900C75ABA;
			remoteInfo = Courses;
		};
/* End PBXContainerItemProxy section */

/* Begin PBXFileReference section */
		1808154B1A2E4B6900C75ABA /* Courses.app */ = {isa = PBXFileReference; explicitFileType = wrapper.application; includeInIndex = 0; path = Courses.app; sourceTree = BUILT_PRODUCTS_DIR; };
		1808154F1A2E4B6900C75ABA /* Info.plist */ = {isa = PBXFileReference; lastKnownFileType = text.plist.xml; path = Info.plist; sourceTree = "<group>"; };
		180815501A2E4B6900C75ABA /* AppDelegate.swift */ = {isa = PBXFileReference; lastKnownFileType = sourcecode.swift; path = AppDelegate.swift; sourceTree = "<group>"; };
		180815551A2E4B6900C75ABA /* Base */ = {isa = PBXFileReference; lastKnownFileType = file.storyboard; name = Base; path = Base.lproj/Main.storyboard; sourceTree = "<group>"; };
		180815571A2E4B6900C75ABA /* Images.xcassets */ = {isa = PBXFileReference; lastKnownFileType = folder.assetcatalog; path = Images.xcassets; sourceTree = "<group>"; };
		1808155A1A2E4B6900C75ABA /* Base */ = {isa = PBXFileReference; lastKnownFileType = file.xib; name = Base; path = Base.lproj/LaunchScreen.xib; sourceTree = "<group>"; };
		180815601A2E4B6900C75ABA /* CoursesTests.xctest */ = {isa = PBXFileReference; explicitFileType = wrapper.cfbundle; includeInIndex = 0; path = CoursesTests.xctest; sourceTree = BUILT_PRODUCTS_DIR; };
		180815651A2E4B6900C75ABA /* Info.plist */ = {isa = PBXFileReference; lastKnownFileType = text.plist.xml; path = Info.plist; sourceTree = "<group>"; };
		180815661A2E4B6900C75ABA /* CoursesTests.swift */ = {isa = PBXFileReference; lastKnownFileType = sourcecode.swift; path = CoursesTests.swift; sourceTree = "<group>"; };
		184CB6551A30FEB0002F7783 /* OrganizationsVC.swift */ = {isa = PBXFileReference; fileEncoding = 4; lastKnownFileType = sourcecode.swift; name = OrganizationsVC.swift; path = Base.lproj/controllers/OrganizationsVC.swift; sourceTree = "<group>"; };
		18850F4F1A2F516600D146F1 /* AuthVC.swift */ = {isa = PBXFileReference; fileEncoding = 4; lastKnownFileType = sourcecode.swift; name = AuthVC.swift; path = Base.lproj/controllers/AuthVC.swift; sourceTree = "<group>"; };
		18CF98481A30A9C800915CBF /* APIFetcher.swift */ = {isa = PBXFileReference; fileEncoding = 4; lastKnownFileType = sourcecode.swift; name = APIFetcher.swift; path = Courses/Base.lproj/APIFetcher/APIFetcher.swift; sourceTree = "<group>"; };
/* End PBXFileReference section */

/* Begin PBXFrameworksBuildPhase section */
		180815481A2E4B6900C75ABA /* Frameworks */ = {
			isa = PBXFrameworksBuildPhase;
			buildActionMask = 2147483647;
			files = (
			);
			runOnlyForDeploymentPostprocessing = 0;
		};
		1808155D1A2E4B6900C75ABA /* Frameworks */ = {
			isa = PBXFrameworksBuildPhase;
			buildActionMask = 2147483647;
			files = (
			);
			runOnlyForDeploymentPostprocessing = 0;
		};
/* End PBXFrameworksBuildPhase section */

/* Begin PBXGroup section */
		180815421A2E4B6900C75ABA = {
			isa = PBXGroup;
			children = (
				1808154D1A2E4B6900C75ABA /* Courses */,
				180815631A2E4B6900C75ABA /* CoursesTests */,
				1808154C1A2E4B6900C75ABA /* Products */,
			);
			sourceTree = "<group>";
		};
		1808154C1A2E4B6900C75ABA /* Products */ = {
			isa = PBXGroup;
			children = (
				1808154B1A2E4B6900C75ABA /* Courses.app */,
				180815601A2E4B6900C75ABA /* CoursesTests.xctest */,
			);
			name = Products;
			sourceTree = "<group>";
		};
		1808154D1A2E4B6900C75ABA /* Courses */ = {
			isa = PBXGroup;
			children = (
				184CB6501A30EF62002F7783 /* Data */,
				18CF984A1A30A9CF00915CBF /* APIFetcher */,
				180815501A2E4B6900C75ABA /* AppDelegate.swift */,
				180815541A2E4B6900C75ABA /* Main.storyboard */,
				18850F511A2F516F00D146F1 /* Controllers */,
				180815571A2E4B6900C75ABA /* Images.xcassets */,
				180815591A2E4B6900C75ABA /* LaunchScreen.xib */,
				1808154E1A2E4B6900C75ABA /* Supporting Files */,
			);
			path = Courses;
			sourceTree = "<group>";
		};
		1808154E1A2E4B6900C75ABA /* Supporting Files */ = {
			isa = PBXGroup;
			children = (
				1808154F1A2E4B6900C75ABA /* Info.plist */,
			);
			name = "Supporting Files";
			sourceTree = "<group>";
		};
		180815631A2E4B6900C75ABA /* CoursesTests */ = {
			isa = PBXGroup;
			children = (
				180815661A2E4B6900C75ABA /* CoursesTests.swift */,
				180815641A2E4B6900C75ABA /* Supporting Files */,
			);
			path = CoursesTests;
			sourceTree = "<group>";
		};
		180815641A2E4B6900C75ABA /* Supporting Files */ = {
			isa = PBXGroup;
			children = (
				180815651A2E4B6900C75ABA /* Info.plist */,
			);
			name = "Supporting Files";
			sourceTree = "<group>";
		};
		184CB6501A30EF62002F7783 /* Data */ = {
			isa = PBXGroup;
			children = (
			);
			name = Data;
			sourceTree = "<group>";
		};
		18850F511A2F516F00D146F1 /* Controllers */ = {
			isa = PBXGroup;
			children = (
				184CB6551A30FEB0002F7783 /* OrganizationsVC.swift */,
				18850F4F1A2F516600D146F1 /* AuthVC.swift */,
			);
			name = Controllers;
			sourceTree = "<group>";
		};
		18CF984A1A30A9CF00915CBF /* APIFetcher */ = {
			isa = PBXGroup;
			children = (
				18CF98481A30A9C800915CBF /* APIFetcher.swift */,
			);
			name = APIFetcher;
			path = ..;
			sourceTree = "<group>";
		};
/* End PBXGroup section */

/* Begin PBXNativeTarget section */
		1808154A1A2E4B6900C75ABA /* Courses */ = {
			isa = PBXNativeTarget;
			buildConfigurationList = 1808156A1A2E4B6900C75ABA /* Build configuration list for PBXNativeTarget "Courses" */;
			buildPhases = (
				180815471A2E4B6900C75ABA /* Sources */,
				180815481A2E4B6900C75ABA /* Frameworks */,
				180815491A2E4B6900C75ABA /* Resources */,
			);
			buildRules = (
			);
			dependencies = (
			);
			name = Courses;
			productName = Courses;
			productReference = 1808154B1A2E4B6900C75ABA /* Courses.app */;
			productType = "com.apple.product-type.application";
		};
		1808155F1A2E4B6900C75ABA /* CoursesTests */ = {
			isa = PBXNativeTarget;
			buildConfigurationList = 1808156D1A2E4B6900C75ABA /* Build configuration list for PBXNativeTarget "CoursesTests" */;
			buildPhases = (
				1808155C1A2E4B6900C75ABA /* Sources */,
				1808155D1A2E4B6900C75ABA /* Frameworks */,
				1808155E1A2E4B6900C75ABA /* Resources */,
			);
			buildRules = (
			);
			dependencies = (
				180815621A2E4B6900C75ABA /* PBXTargetDependency */,
			);
			name = CoursesTests;
			productName = CoursesTests;
			productReference = 180815601A2E4B6900C75ABA /* CoursesTests.xctest */;
			productType = "com.apple.product-type.bundle.unit-test";
		};
/* End PBXNativeTarget section */

/* Begin PBXProject section */
		180815431A2E4B6900C75ABA /* Project object */ = {
			isa = PBXProject;
			attributes = {
				LastUpgradeCheck = 0610;
				ORGANIZATIONNAME = Mzinga;
				TargetAttributes = {
					1808154A1A2E4B6900C75ABA = {
						CreatedOnToolsVersion = 6.1;
					};
					1808155F1A2E4B6900C75ABA = {
						CreatedOnToolsVersion = 6.1;
						TestTargetID = 1808154A1A2E4B6900C75ABA;
					};
				};
			};
			buildConfigurationList = 180815461A2E4B6900C75ABA /* Build configuration list for PBXProject "Courses" */;
			compatibilityVersion = "Xcode 3.2";
			developmentRegion = English;
			hasScannedForEncodings = 0;
			knownRegions = (
				en,
				Base,
			);
			mainGroup = 180815421A2E4B6900C75ABA;
			productRefGroup = 1808154C1A2E4B6900C75ABA /* Products */;
			projectDirPath = "";
			projectRoot = "";
			targets = (
				1808154A1A2E4B6900C75ABA /* Courses */,
				1808155F1A2E4B6900C75ABA /* CoursesTests */,
			);
		};
/* End PBXProject section */

/* Begin PBXResourcesBuildPhase section */
		180815491A2E4B6900C75ABA /* Resources */ = {
			isa = PBXResourcesBuildPhase;
			buildActionMask = 2147483647;
			files = (
				180815561A2E4B6900C75ABA /* Main.storyboard in Resources */,
				1808155B1A2E4B6900C75ABA /* LaunchScreen.xib in Resources */,
				180815581A2E4B6900C75ABA /* Images.xcassets in Resources */,
			);
			runOnlyForDeploymentPostprocessing = 0;
		};
		1808155E1A2E4B6900C75ABA /* Resources */ = {
			isa = PBXResourcesBuildPhase;
			buildActionMask = 2147483647;
			files = (
			);
			runOnlyForDeploymentPostprocessing = 0;
		};
/* End PBXResourcesBuildPhase section */

/* Begin PBXSourcesBuildPhase section */
		180815471A2E4B6900C75ABA /* Sources */ = {
			isa = PBXSourcesBuildPhase;
			buildActionMask = 2147483647;
			files = (
				18850F501A2F516600D146F1 /* AuthVC.swift in Sources */,
				184CB6561A30FEB0002F7783 /* OrganizationsVC.swift in Sources */,
				180815511A2E4B6900C75ABA /* AppDelegate.swift in Sources */,
				18CF98491A30A9C800915CBF /* APIFetcher.swift in Sources */,
			);
			runOnlyForDeploymentPostprocessing = 0;
		};
		1808155C1A2E4B6900C75ABA /* Sources */ = {
			isa = PBXSourcesBuildPhase;
			buildActionMask = 2147483647;
			files = (
				180815671A2E4B6900C75ABA /* CoursesTests.swift in Sources */,
			);
			runOnlyForDeploymentPostprocessing = 0;
		};
/* End PBXSourcesBuildPhase section */

/* Begin PBXTargetDependency section */
		180815621A2E4B6900C75ABA /* PBXTargetDependency */ = {
			isa = PBXTargetDependency;
			target = 1808154A1A2E4B6900C75ABA /* Courses */;
			targetProxy = 180815611A2E4B6900C75ABA /* PBXContainerItemProxy */;
		};
/* End PBXTargetDependency section */

/* Begin PBXVariantGroup section */
		180815541A2E4B6900C75ABA /* Main.storyboard */ = {
			isa = PBXVariantGroup;
			children = (
				180815551A2E4B6900C75ABA /* Base */,
			);
			name = Main.storyboard;
			sourceTree = "<group>";
		};
		180815591A2E4B6900C75ABA /* LaunchScreen.xib */ = {
			isa = PBXVariantGroup;
			children = (
				1808155A1A2E4B6900C75ABA /* Base */,
			);
			name = LaunchScreen.xib;
			sourceTree = "<group>";
		};
/* End PBXVariantGroup section */

/* Begin XCBuildConfiguration section */
		180815681A2E4B6900C75ABA /* Debug */ = {
			isa = XCBuildConfiguration;
			buildSettings = {
				ALWAYS_SEARCH_USER_PATHS = NO;
				CLANG_CXX_LANGUAGE_STANDARD = "gnu++0x";
				CLANG_CXX_LIBRARY = "libc++";
				CLANG_ENABLE_MODULES = YES;
				CLANG_ENABLE_OBJC_ARC = YES;
				CLANG_WARN_BOOL_CONVERSION = YES;
				CLANG_WARN_CONSTANT_CONVERSION = YES;
				CLANG_WARN_DIRECT_OBJC_ISA_USAGE = YES_ERROR;
				CLANG_WARN_EMPTY_BODY = YES;
				CLANG_WARN_ENUM_CONVERSION = YES;
				CLANG_WARN_INT_CONVERSION = YES;
				CLANG_WARN_OBJC_ROOT_CLASS = YES_ERROR;
				CLANG_WARN_UNREACHABLE_CODE = YES;
				CLANG_WARN__DUPLICATE_METHOD_MATCH = YES;
				"CODE_SIGN_IDENTITY[sdk=iphoneos*]" = "iPhone Developer";
				COPY_PHASE_STRIP = NO;
				ENABLE_STRICT_OBJC_MSGSEND = YES;
				GCC_C_LANGUAGE_STANDARD = gnu99;
				GCC_DYNAMIC_NO_PIC = NO;
				GCC_OPTIMIZATION_LEVEL = 0;
				GCC_PREPROCESSOR_DEFINITIONS = (
					"DEBUG=1",
					"$(inherited)",
				);
				GCC_SYMBOLS_PRIVATE_EXTERN = NO;
				GCC_WARN_64_TO_32_BIT_CONVERSION = YES;
				GCC_WARN_ABOUT_RETURN_TYPE = YES_ERROR;
				GCC_WARN_UNDECLARED_SELECTOR = YES;
				GCC_WARN_UNINITIALIZED_AUTOS = YES_AGGRESSIVE;
				GCC_WARN_UNUSED_FUNCTION = YES;
				GCC_WARN_UNUSED_VARIABLE = YES;
				IPHONEOS_DEPLOYMENT_TARGET = 8.1;
				MTL_ENABLE_DEBUG_INFO = YES;
				ONLY_ACTIVE_ARCH = YES;
				SDKROOT = iphoneos;
				SWIFT_OPTIMIZATION_LEVEL = "-Onone";
				TARGETED_DEVICE_FAMILY = "1,2";
			};
			name = Debug;
		};
		180815691A2E4B6900C75ABA /* Release */ = {
			isa = XCBuildConfiguration;
			buildSettings = {
				ALWAYS_SEARCH_USER_PATHS = NO;
				CLANG_CXX_LANGUAGE_STANDARD = "gnu++0x";
				CLANG_CXX_LIBRARY = "libc++";
				CLANG_ENABLE_MODULES = YES;
				CLANG_ENABLE_OBJC_ARC = YES;
				CLANG_WARN_BOOL_CONVERSION = YES;
				CLANG_WARN_CONSTANT_CONVERSION = YES;
				CLANG_WARN_DIRECT_OBJC_ISA_USAGE = YES_ERROR;
				CLANG_WARN_EMPTY_BODY = YES;
				CLANG_WARN_ENUM_CONVERSION = YES;
				CLANG_WARN_INT_CONVERSION = YES;
				CLANG_WARN_OBJC_ROOT_CLASS = YES_ERROR;
				CLANG_WARN_UNREACHABLE_CODE = YES;
				CLANG_WARN__DUPLICATE_METHOD_MATCH = YES;
				"CODE_SIGN_IDENTITY[sdk=iphoneos*]" = "iPhone Developer";
				COPY_PHASE_STRIP = YES;
				ENABLE_NS_ASSERTIONS = NO;
				ENABLE_STRICT_OBJC_MSGSEND = YES;
				GCC_C_LANGUAGE_STANDARD = gnu99;
				GCC_WARN_64_TO_32_BIT_CONVERSION = YES;
				GCC_WARN_ABOUT_RETURN_TYPE = YES_ERROR;
				GCC_WARN_UNDECLARED_SELECTOR = YES;
				GCC_WARN_UNINITIALIZED_AUTOS = YES_AGGRESSIVE;
				GCC_WARN_UNUSED_FUNCTION = YES;
				GCC_WARN_UNUSED_VARIABLE = YES;
				IPHONEOS_DEPLOYMENT_TARGET = 8.1;
				MTL_ENABLE_DEBUG_INFO = NO;
				SDKROOT = iphoneos;
				TARGETED_DEVICE_FAMILY = "1,2";
				VALIDATE_PRODUCT = YES;
			};
			name = Release;
		};
		1808156B1A2E4B6900C75ABA /* Debug */ = {
			isa = XCBuildConfiguration;
			buildSettings = {
				ASSETCATALOG_COMPILER_APPICON_NAME = AppIcon;
				INFOPLIST_FILE = Courses/Info.plist;
				LD_RUNPATH_SEARCH_PATHS = "$(inherited) @executable_path/Frameworks";
				PRODUCT_NAME = "$(TARGET_NAME)";
			};
			name = Debug;
		};
		1808156C1A2E4B6900C75ABA /* Release */ = {
			isa = XCBuildConfiguration;
			buildSettings = {
				ASSETCATALOG_COMPILER_APPICON_NAME = AppIcon;
				INFOPLIST_FILE = Courses/Info.plist;
				LD_RUNPATH_SEARCH_PATHS = "$(inherited) @executable_path/Frameworks";
				PRODUCT_NAME = "$(TARGET_NAME)";
			};
			name = Release;
		};
		1808156E1A2E4B6900C75ABA /* Debug */ = {
			isa = XCBuildConfiguration;
			buildSettings = {
				BUNDLE_LOADER = "$(TEST_HOST)";
				FRAMEWORK_SEARCH_PATHS = (
					"$(SDKROOT)/Developer/Library/Frameworks",
					"$(inherited)",
				);
				GCC_PREPROCESSOR_DEFINITIONS = (
					"DEBUG=1",
					"$(inherited)",
				);
				INFOPLIST_FILE = CoursesTests/Info.plist;
				LD_RUNPATH_SEARCH_PATHS = "$(inherited) @executable_path/Frameworks @loader_path/Frameworks";
				PRODUCT_NAME = "$(TARGET_NAME)";
				TEST_HOST = "$(BUILT_PRODUCTS_DIR)/Courses.app/Courses";
			};
			name = Debug;
		};
		1808156F1A2E4B6900C75ABA /* Release */ = {
			isa = XCBuildConfiguration;
			buildSettings = {
				BUNDLE_LOADER = "$(TEST_HOST)";
				FRAMEWORK_SEARCH_PATHS = (
					"$(SDKROOT)/Developer/Library/Frameworks",
					"$(inherited)",
				);
				INFOPLIST_FILE = CoursesTests/Info.plist;
				LD_RUNPATH_SEARCH_PATHS = "$(inherited) @executable_path/Frameworks @loader_path/Frameworks";
				PRODUCT_NAME = "$(TARGET_NAME)";
				TEST_HOST = "$(BUILT_PRODUCTS_DIR)/Courses.app/Courses";
			};
			name = Release;
		};
/* End XCBuildConfiguration section */

/* Begin XCConfigurationList section */
		180815461A2E4B6900C75ABA /* Build configuration list for PBXProject "Courses" */ = {
			isa = XCConfigurationList;
			buildConfigurations = (
				180815681A2E4B6900C75ABA /* Debug */,
				180815691A2E4B6900C75ABA /* Release */,
			);
			defaultConfigurationIsVisible = 0;
			defaultConfigurationName = Release;
		};
		1808156A1A2E4B6900C75ABA /* Build configuration list for PBXNativeTarget "Courses" */ = {
			isa = XCConfigurationList;
			buildConfigurations = (
				1808156B1A2E4B6900C75ABA /* Debug */,
				1808156C1A2E4B6900C75ABA /* Release */,
			);
			defaultConfigurationIsVisible = 0;
			defaultConfigurationName = Release;
		};
		1808156D1A2E4B6900C75ABA /* Build configuration list for PBXNativeTarget "CoursesTests" */ = {
			isa = XCConfigurationList;
			buildConfigurations = (
				1808156E1A2E4B6900C75ABA /* Debug */,
				1808156F1A2E4B6900C75ABA /* Release */,
			);
			defaultConfigurationIsVisible = 0;
			defaultConfigurationName = Release;
		};
/* End XCConfigurationList section */
	};
	rootObject = 180815431A2E4B6900C75ABA /* Project object */;
}
